// !$*UTF8*$!
{
	archiveVersion = 1;
	classes = {
	};
	objectVersion = 48;
	objects = {

/* Begin PBXBuildFile section */
		556126EB205C48120016575A /* HistoryTableViewController.swift in Sources */ = {isa = PBXBuildFile; fileRef = 556126EA205C48120016575A /* HistoryTableViewController.swift */; };
		6203CD372000F8E100768BB3 /* Podfile in Resources */ = {isa = PBXBuildFile; fileRef = 6203CD362000F8E100768BB3 /* Podfile */; };
		621324A82022BED0009CFCBB /* ScrollableGraphView.framework in Frameworks */ = {isa = PBXBuildFile; fileRef = 621324A92022BED0009CFCBB /* ScrollableGraphView.framework */; };
		6215FE722021F8E40037B2C4 /* RatesViewController.swift in Sources */ = {isa = PBXBuildFile; fileRef = 6215FE712021F8E40037B2C4 /* RatesViewController.swift */; };
		62202470200F9F3700382DA2 /* CustomUIButton.swift in Sources */ = {isa = PBXBuildFile; fileRef = 6220246F200F9F3700382DA2 /* CustomUIButton.swift */; };
		6221E1F8206D45BE004D43A2 /* AllTransactionsViewController.swift in Sources */ = {isa = PBXBuildFile; fileRef = 6221E1F7206D45BE004D43A2 /* AllTransactionsViewController.swift */; };
		6221E1FC206D4D28004D43A2 /* WalletUIPageProtocol.swift in Sources */ = {isa = PBXBuildFile; fileRef = 6221E1FB206D4D28004D43A2 /* WalletUIPageProtocol.swift */; };
		62276316206A9BCD000F6B9D /* WalletUIPageViewController.swift in Sources */ = {isa = PBXBuildFile; fileRef = 62276315206A9BCC000F6B9D /* WalletUIPageViewController.swift */; };
		62276318206AA7BF000F6B9D /* TypeCoin .swift in Sources */ = {isa = PBXBuildFile; fileRef = 62276317206AA7BF000F6B9D /* TypeCoin .swift */; };
		623D8103206BBCCD003628A2 /* CoinCards.swift in Sources */ = {isa = PBXBuildFile; fileRef = 623D8102206BBCCD003628A2 /* CoinCards.swift */; };
		627341EF2061012400B445E9 /* CustomUIView.swift in Sources */ = {isa = PBXBuildFile; fileRef = 627341EE2061012400B445E9 /* CustomUIView.swift */; };
		627341F12061027900B445E9 /* CustomUITextField.swift in Sources */ = {isa = PBXBuildFile; fileRef = 627341F02061027800B445E9 /* CustomUITextField.swift */; };
		62B9CA52201878B400A74278 /* WalletCardViewController.swift in Sources */ = {isa = PBXBuildFile; fileRef = 62B9CA51201878B400A74278 /* WalletCardViewController.swift */; };
		62CE750B20055B9200079B7D /* WalletCardObject.swift in Sources */ = {isa = PBXBuildFile; fileRef = 62CE750A20055B9200079B7D /* WalletCardObject.swift */; };
		62F841E52015FFDB0061EB0C /* AllCardsViewController.swift in Sources */ = {isa = PBXBuildFile; fileRef = 62F841E42015FFDB0061EB0C /* AllCardsViewController.swift */; };
		94F0B315CCCA8B1D4929CCFF /* Pods_YourCoin.framework in Frameworks */ = {isa = PBXBuildFile; fileRef = 7DD64D35897A8278A74E1FE7 /* Pods_YourCoin.framework */; };
		A80A46731FD8280000F70DC6 /* AppDelegate.swift in Sources */ = {isa = PBXBuildFile; fileRef = A80A46721FD8280000F70DC6 /* AppDelegate.swift */; };
		A80A467B1FD8280000F70DC6 /* YourCoin.xcdatamodeld in Sources */ = {isa = PBXBuildFile; fileRef = A80A46791FD8280000F70DC6 /* YourCoin.xcdatamodeld */; };
		A80A467D1FD8280000F70DC6 /* Assets.xcassets in Resources */ = {isa = PBXBuildFile; fileRef = A80A467C1FD8280000F70DC6 /* Assets.xcassets */; };
		A80A46801FD8280000F70DC6 /* LaunchScreen.storyboard in Resources */ = {isa = PBXBuildFile; fileRef = A80A467E1FD8280000F70DC6 /* LaunchScreen.storyboard */; };
		A80A468C1FD82B4600F70DC6 /* UIImagePreloader.swift in Sources */ = {isa = PBXBuildFile; fileRef = A80A468B1FD82B4600F70DC6 /* UIImagePreloader.swift */; };
		A82BAE7B1FF6783000616D29 /* Main.storyboard in Resources */ = {isa = PBXBuildFile; fileRef = A82BAE7A1FF6783000616D29 /* Main.storyboard */; };
/* End PBXBuildFile section */

/* Begin PBXFileReference section */
		556126EA205C48120016575A /* HistoryTableViewController.swift */ = {isa = PBXFileReference; lastKnownFileType = sourcecode.swift; path = HistoryTableViewController.swift; sourceTree = "<group>"; };
		6203CD362000F8E100768BB3 /* Podfile */ = {isa = PBXFileReference; lastKnownFileType = text; path = Podfile; sourceTree = "<group>"; };
		621324A92022BED0009CFCBB /* ScrollableGraphView.framework */ = {isa = PBXFileReference; explicitFileType = wrapper.framework; path = ScrollableGraphView.framework; sourceTree = BUILT_PRODUCTS_DIR; };
		6215FE712021F8E40037B2C4 /* RatesViewController.swift */ = {isa = PBXFileReference; lastKnownFileType = sourcecode.swift; path = RatesViewController.swift; sourceTree = "<group>"; };
		6220246F200F9F3700382DA2 /* CustomUIButton.swift */ = {isa = PBXFileReference; lastKnownFileType = sourcecode.swift; path = CustomUIButton.swift; sourceTree = "<group>"; };
		6221E1F7206D45BE004D43A2 /* AllTransactionsViewController.swift */ = {isa = PBXFileReference; lastKnownFileType = sourcecode.swift; path = AllTransactionsViewController.swift; sourceTree = "<group>"; };
		6221E1FB206D4D28004D43A2 /* WalletUIPageProtocol.swift */ = {isa = PBXFileReference; fileEncoding = 4; lastKnownFileType = sourcecode.swift; path = WalletUIPageProtocol.swift; sourceTree = "<group>"; };
		62276315206A9BCC000F6B9D /* WalletUIPageViewController.swift */ = {isa = PBXFileReference; fileEncoding = 4; lastKnownFileType = sourcecode.swift; path = WalletUIPageViewController.swift; sourceTree = "<group>"; };
		62276317206AA7BF000F6B9D /* TypeCoin .swift */ = {isa = PBXFileReference; lastKnownFileType = sourcecode.swift; path = "TypeCoin .swift"; sourceTree = "<group>"; };
		623D8102206BBCCD003628A2 /* CoinCards.swift */ = {isa = PBXFileReference; lastKnownFileType = sourcecode.swift; path = CoinCards.swift; sourceTree = "<group>"; };
		627341EE2061012400B445E9 /* CustomUIView.swift */ = {isa = PBXFileReference; lastKnownFileType = sourcecode.swift; path = CustomUIView.swift; sourceTree = "<group>"; };
		627341F02061027800B445E9 /* CustomUITextField.swift */ = {isa = PBXFileReference; fileEncoding = 4; lastKnownFileType = sourcecode.swift; path = CustomUITextField.swift; sourceTree = "<group>"; };
		62A6038B200CF39A00EA919C /* BaseBackround.png */ = {isa = PBXFileReference; lastKnownFileType = image.png; path = BaseBackround.png; sourceTree = "<group>"; };
		62B9CA51201878B400A74278 /* WalletCardViewController.swift */ = {isa = PBXFileReference; lastKnownFileType = sourcecode.swift; path = WalletCardViewController.swift; sourceTree = "<group>"; };
		62CE750A20055B9200079B7D /* WalletCardObject.swift */ = {isa = PBXFileReference; lastKnownFileType = sourcecode.swift; path = WalletCardObject.swift; sourceTree = "<group>"; };
		62F841E42015FFDB0061EB0C /* AllCardsViewController.swift */ = {isa = PBXFileReference; lastKnownFileType = sourcecode.swift; path = AllCardsViewController.swift; sourceTree = "<group>"; };
		7DD64D35897A8278A74E1FE7 /* Pods_YourCoin.framework */ = {isa = PBXFileReference; explicitFileType = wrapper.framework; includeInIndex = 0; path = Pods_YourCoin.framework; sourceTree = BUILT_PRODUCTS_DIR; };
		A80A466F1FD8280000F70DC6 /* YourCoin.app */ = {isa = PBXFileReference; explicitFileType = wrapper.application; includeInIndex = 0; path = YourCoin.app; sourceTree = BUILT_PRODUCTS_DIR; };
		A80A46721FD8280000F70DC6 /* AppDelegate.swift */ = {isa = PBXFileReference; lastKnownFileType = sourcecode.swift; path = AppDelegate.swift; sourceTree = "<group>"; };
		A80A467A1FD8280000F70DC6 /* YourCoin.xcdatamodel */ = {isa = PBXFileReference; lastKnownFileType = wrapper.xcdatamodel; path = YourCoin.xcdatamodel; sourceTree = "<group>"; };
		A80A467C1FD8280000F70DC6 /* Assets.xcassets */ = {isa = PBXFileReference; lastKnownFileType = folder.assetcatalog; path = Assets.xcassets; sourceTree = "<group>"; };
		A80A467F1FD8280000F70DC6 /* Base */ = {isa = PBXFileReference; lastKnownFileType = file.storyboard; name = Base; path = Base.lproj/LaunchScreen.storyboard; sourceTree = "<group>"; };
		A80A46811FD8280000F70DC6 /* Info.plist */ = {isa = PBXFileReference; lastKnownFileType = text.plist.xml; path = Info.plist; sourceTree = "<group>"; };
		A80A468B1FD82B4600F70DC6 /* UIImagePreloader.swift */ = {isa = PBXFileReference; lastKnownFileType = sourcecode.swift; path = UIImagePreloader.swift; sourceTree = "<group>"; };
		A82BAE7A1FF6783000616D29 /* Main.storyboard */ = {isa = PBXFileReference; fileEncoding = 4; lastKnownFileType = file.storyboard; path = Main.storyboard; sourceTree = "<group>"; };
		B897C86793645DFB1AF42156 /* Pods-YourCoin.debug.xcconfig */ = {isa = PBXFileReference; includeInIndex = 1; lastKnownFileType = text.xcconfig; name = "Pods-YourCoin.debug.xcconfig"; path = "Pods/Target Support Files/Pods-YourCoin/Pods-YourCoin.debug.xcconfig"; sourceTree = "<group>"; };
		C816055B54D11345200417DC /* Pods-YourCoin.release.xcconfig */ = {isa = PBXFileReference; includeInIndex = 1; lastKnownFileType = text.xcconfig; name = "Pods-YourCoin.release.xcconfig"; path = "Pods/Target Support Files/Pods-YourCoin/Pods-YourCoin.release.xcconfig"; sourceTree = "<group>"; };
/* End PBXFileReference section */

/* Begin PBXFrameworksBuildPhase section */
		A80A466C1FD8280000F70DC6 /* Frameworks */ = {
			isa = PBXFrameworksBuildPhase;
			buildActionMask = 2147483647;
			files = (
				621324A82022BED0009CFCBB /* ScrollableGraphView.framework in Frameworks */,
				94F0B315CCCA8B1D4929CCFF /* Pods_YourCoin.framework in Frameworks */,
			);
			runOnlyForDeploymentPostprocessing = 0;
		};
/* End PBXFrameworksBuildPhase section */

/* Begin PBXGroup section */
		62202467200F976800382DA2 /* UI */ = {
			isa = PBXGroup;
			children = (
				623A884A206930BE00582503 /* Animations */,
				62CE750920055B7200079B7D /* Objects */,
				6220246C200F9C6F00382DA2 /* CustomElements */,
				62202468200F977600382DA2 /* Controllers */,
			);
			path = UI;
			sourceTree = "<group>";
		};
		62202468200F977600382DA2 /* Controllers */ = {
			isa = PBXGroup;
			children = (
				62276314206A9B17000F6B9D /* MainSubView */,
				62276313206A9AB0000F6B9D /* CustomView */,
				62F841E42015FFDB0061EB0C /* AllCardsViewController.swift */,
				62276315206A9BCC000F6B9D /* WalletUIPageViewController.swift */,
			);
			path = Controllers;
			sourceTree = "<group>";
		};
		6220246C200F9C6F00382DA2 /* CustomElements */ = {
			isa = PBXGroup;
			children = (
				627341F02061027800B445E9 /* CustomUITextField.swift */,
				6220246F200F9F3700382DA2 /* CustomUIButton.swift */,
				627341EE2061012400B445E9 /* CustomUIView.swift */,
			);
			path = CustomElements;
			sourceTree = "<group>";
		};
		62276313206A9AB0000F6B9D /* CustomView */ = {
			isa = PBXGroup;
			children = (
				62B9CA51201878B400A74278 /* WalletCardViewController.swift */,
			);
			path = CustomView;
			sourceTree = "<group>";
		};
		62276314206A9B17000F6B9D /* MainSubView */ = {
			isa = PBXGroup;
			children = (
				556126EA205C48120016575A /* HistoryTableViewController.swift */,
				6215FE712021F8E40037B2C4 /* RatesViewController.swift */,
				6221E1F7206D45BE004D43A2 /* AllTransactionsViewController.swift */,
			);
			path = MainSubView;
			sourceTree = "<group>";
		};
		623A884A206930BE00582503 /* Animations */ = {
			isa = PBXGroup;
			children = (
			);
			path = Animations;
			sourceTree = "<group>";
		};
		62CE750920055B7200079B7D /* Objects */ = {
			isa = PBXGroup;
			children = (
				6221E1FB206D4D28004D43A2 /* WalletUIPageProtocol.swift */,
				62CE750A20055B9200079B7D /* WalletCardObject.swift */,
				62276317206AA7BF000F6B9D /* TypeCoin .swift */,
				623D8102206BBCCD003628A2 /* CoinCards.swift */,
			);
			path = Objects;
			sourceTree = "<group>";
		};
		738D7AD546768CBE06174356 /* Frameworks */ = {
			isa = PBXGroup;
			children = (
				621324A92022BED0009CFCBB /* ScrollableGraphView.framework */,
				7DD64D35897A8278A74E1FE7 /* Pods_YourCoin.framework */,
			);
			name = Frameworks;
			sourceTree = "<group>";
		};
		A631B7EE43095BAAD4280C01 /* Pods */ = {
			isa = PBXGroup;
			children = (
				B897C86793645DFB1AF42156 /* Pods-YourCoin.debug.xcconfig */,
				C816055B54D11345200417DC /* Pods-YourCoin.release.xcconfig */,
			);
			name = Pods;
			sourceTree = "<group>";
		};
		A80A46661FD8280000F70DC6 = {
			isa = PBXGroup;
			children = (
				A80A46711FD8280000F70DC6 /* YourCoin */,
				A80A46701FD8280000F70DC6 /* Products */,
				A631B7EE43095BAAD4280C01 /* Pods */,
				738D7AD546768CBE06174356 /* Frameworks */,
			);
			sourceTree = "<group>";
		};
		A80A46701FD8280000F70DC6 /* Products */ = {
			isa = PBXGroup;
			children = (
				A80A466F1FD8280000F70DC6 /* YourCoin.app */,
			);
			name = Products;
			sourceTree = "<group>";
		};
		A80A46711FD8280000F70DC6 /* YourCoin */ = {
			isa = PBXGroup;
			children = (
				62202467200F976800382DA2 /* UI */,
				A82BAE7A1FF6783000616D29 /* Main.storyboard */,
				62A6038B200CF39A00EA919C /* BaseBackround.png */,
				A80A467C1FD8280000F70DC6 /* Assets.xcassets */,
				A80A46721FD8280000F70DC6 /* AppDelegate.swift */,
				A80A467E1FD8280000F70DC6 /* LaunchScreen.storyboard */,
				A80A46811FD8280000F70DC6 /* Info.plist */,
				A80A46791FD8280000F70DC6 /* YourCoin.xcdatamodeld */,
				A80A468B1FD82B4600F70DC6 /* UIImagePreloader.swift */,
				6203CD362000F8E100768BB3 /* Podfile */,
			);
			path = YourCoin;
			sourceTree = "<group>";
		};
/* End PBXGroup section */

/* Begin PBXNativeTarget section */
		A80A466E1FD8280000F70DC6 /* YourCoin */ = {
			isa = PBXNativeTarget;
			buildConfigurationList = A80A46841FD8280000F70DC6 /* Build configuration list for PBXNativeTarget "YourCoin" */;
			buildPhases = (
				0F8036E6C4719AF0347970E3 /* [CP] Check Pods Manifest.lock */,
				A80A466B1FD8280000F70DC6 /* Sources */,
				A80A466C1FD8280000F70DC6 /* Frameworks */,
				A80A466D1FD8280000F70DC6 /* Resources */,
				153057614D2AAA461CBE0C76 /* [CP] Embed Pods Frameworks */,
				C17F495ED848DAFFDC3622DB /* [CP] Copy Pods Resources */,
			);
			buildRules = (
			);
			dependencies = (
			);
			name = YourCoin;
			productName = YourCoin;
			productReference = A80A466F1FD8280000F70DC6 /* YourCoin.app */;
			productType = "com.apple.product-type.application";
		};
/* End PBXNativeTarget section */

/* Begin PBXProject section */
		A80A46671FD8280000F70DC6 /* Project object */ = {
			isa = PBXProject;
			attributes = {
				LastSwiftUpdateCheck = 0910;
				LastUpgradeCheck = 0910;
				ORGANIZATIONNAME = Bubble;
				TargetAttributes = {
					A80A466E1FD8280000F70DC6 = {
						CreatedOnToolsVersion = 9.1;
						ProvisioningStyle = Automatic;
					};
				};
			};
			buildConfigurationList = A80A466A1FD8280000F70DC6 /* Build configuration list for PBXProject "YourCoin" */;
			compatibilityVersion = "Xcode 8.0";
			developmentRegion = en;
			hasScannedForEncodings = 0;
			knownRegions = (
				en,
				Base,
			);
			mainGroup = A80A46661FD8280000F70DC6;
			productRefGroup = A80A46701FD8280000F70DC6 /* Products */;
			projectDirPath = "";
			projectRoot = "";
			targets = (
				A80A466E1FD8280000F70DC6 /* YourCoin */,
			);
		};
/* End PBXProject section */

/* Begin PBXResourcesBuildPhase section */
		A80A466D1FD8280000F70DC6 /* Resources */ = {
			isa = PBXResourcesBuildPhase;
			buildActionMask = 2147483647;
			files = (
				A80A46801FD8280000F70DC6 /* LaunchScreen.storyboard in Resources */,
				A80A467D1FD8280000F70DC6 /* Assets.xcassets in Resources */,
				A82BAE7B1FF6783000616D29 /* Main.storyboard in Resources */,
				6203CD372000F8E100768BB3 /* Podfile in Resources */,
			);
			runOnlyForDeploymentPostprocessing = 0;
		};
/* End PBXResourcesBuildPhase section */

/* Begin PBXShellScriptBuildPhase section */
		0F8036E6C4719AF0347970E3 /* [CP] Check Pods Manifest.lock */ = {
			isa = PBXShellScriptBuildPhase;
			buildActionMask = 2147483647;
			files = (
			);
			inputPaths = (
				"${PODS_PODFILE_DIR_PATH}/Podfile.lock",
				"${PODS_ROOT}/Manifest.lock",
			);
			name = "[CP] Check Pods Manifest.lock";
			outputPaths = (
				"$(DERIVED_FILE_DIR)/Pods-YourCoin-checkManifestLockResult.txt",
			);
			runOnlyForDeploymentPostprocessing = 0;
			shellPath = /bin/sh;
			shellScript = "diff \"${PODS_PODFILE_DIR_PATH}/Podfile.lock\" \"${PODS_ROOT}/Manifest.lock\" > /dev/null\nif [ $? != 0 ] ; then\n    # print error to STDERR\n    echo \"error: The sandbox is not in sync with the Podfile.lock. Run 'pod install' or update your CocoaPods installation.\" >&2\n    exit 1\nfi\n# This output is used by Xcode 'outputs' to avoid re-running this script phase.\necho \"SUCCESS\" > \"${SCRIPT_OUTPUT_FILE_0}\"\n";
			showEnvVarsInLog = 0;
		};
		153057614D2AAA461CBE0C76 /* [CP] Embed Pods Frameworks */ = {
			isa = PBXShellScriptBuildPhase;
			buildActionMask = 2147483647;
			files = (
			);
			inputPaths = (
				"${SRCROOT}/Pods/Target Support Files/Pods-YourCoin/Pods-YourCoin-frameworks.sh",
				"${BUILT_PRODUCTS_DIR}/1PasswordExtension/OnePasswordExtension.framework",
				"${BUILT_PRODUCTS_DIR}/APIKit/APIKit.framework",
				"${BUILT_PRODUCTS_DIR}/Alamofire/Alamofire.framework",
				"${BUILT_PRODUCTS_DIR}/AlamofireObjectMapper/AlamofireObjectMapper.framework",
				"${BUILT_PRODUCTS_DIR}/BigInt/BigInt.framework",
				"${BUILT_PRODUCTS_DIR}/BonMot/BonMot.framework",
				"${BUILT_PRODUCTS_DIR}/Charts/Charts.framework",
				"${BUILT_PRODUCTS_DIR}/CryptoSwift/CryptoSwift.framework",
				"${BUILT_PRODUCTS_DIR}/EAIntroView/EAIntroView.framework",
				"${BUILT_PRODUCTS_DIR}/EARestrictedScrollView/EARestrictedScrollView.framework",
				"${BUILT_PRODUCTS_DIR}/JSONRPCKit/JSONRPCKit.framework",
				"${BUILT_PRODUCTS_DIR}/JavaScriptKit/JavaScriptKit.framework",
				"${BUILT_PRODUCTS_DIR}/KeychainSwift/KeychainSwift.framework",
				"${BUILT_PRODUCTS_DIR}/MBProgressHUD/MBProgressHUD.framework",
				"${BUILT_PRODUCTS_DIR}/Moya/Moya.framework",
				"${BUILT_PRODUCTS_DIR}/ObjectMapper/ObjectMapper.framework",
				"${BUILT_PRODUCTS_DIR}/QRCodeReaderViewController/QRCodeReaderViewController.framework",
				"${BUILT_PRODUCTS_DIR}/R.swift.Library/Rswift.framework",
				"${BUILT_PRODUCTS_DIR}/Realm/Realm.framework",
				"${BUILT_PRODUCTS_DIR}/RealmSwift/RealmSwift.framework",
				"${BUILT_PRODUCTS_DIR}/Result/Result.framework",
				"${BUILT_PRODUCTS_DIR}/SSKeychain/SSKeychain.framework",
				"${BUILT_PRODUCTS_DIR}/ScrollableGraphView/ScrollableGraphView.framework",
				"${BUILT_PRODUCTS_DIR}/SeedStackViewController/StackViewController.framework",
				"${BUILT_PRODUCTS_DIR}/SipHash/SipHash.framework",
				"${BUILT_PRODUCTS_DIR}/StatefulViewController/StatefulViewController.framework",
				"${BUILT_PRODUCTS_DIR}/VENTouchLock/VENTouchLock.framework",
			);
			name = "[CP] Embed Pods Frameworks";
			outputPaths = (
				"${TARGET_BUILD_DIR}/${FRAMEWORKS_FOLDER_PATH}/OnePasswordExtension.framework",
				"${TARGET_BUILD_DIR}/${FRAMEWORKS_FOLDER_PATH}/APIKit.framework",
				"${TARGET_BUILD_DIR}/${FRAMEWORKS_FOLDER_PATH}/Alamofire.framework",
				"${TARGET_BUILD_DIR}/${FRAMEWORKS_FOLDER_PATH}/AlamofireObjectMapper.framework",
				"${TARGET_BUILD_DIR}/${FRAMEWORKS_FOLDER_PATH}/BigInt.framework",
				"${TARGET_BUILD_DIR}/${FRAMEWORKS_FOLDER_PATH}/BonMot.framework",
				"${TARGET_BUILD_DIR}/${FRAMEWORKS_FOLDER_PATH}/Charts.framework",
				"${TARGET_BUILD_DIR}/${FRAMEWORKS_FOLDER_PATH}/CryptoSwift.framework",
				"${TARGET_BUILD_DIR}/${FRAMEWORKS_FOLDER_PATH}/EAIntroView.framework",
				"${TARGET_BUILD_DIR}/${FRAMEWORKS_FOLDER_PATH}/EARestrictedScrollView.framework",
				"${TARGET_BUILD_DIR}/${FRAMEWORKS_FOLDER_PATH}/JSONRPCKit.framework",
				"${TARGET_BUILD_DIR}/${FRAMEWORKS_FOLDER_PATH}/JavaScriptKit.framework",
				"${TARGET_BUILD_DIR}/${FRAMEWORKS_FOLDER_PATH}/KeychainSwift.framework",
				"${TARGET_BUILD_DIR}/${FRAMEWORKS_FOLDER_PATH}/MBProgressHUD.framework",
				"${TARGET_BUILD_DIR}/${FRAMEWORKS_FOLDER_PATH}/Moya.framework",
				"${TARGET_BUILD_DIR}/${FRAMEWORKS_FOLDER_PATH}/ObjectMapper.framework",
				"${TARGET_BUILD_DIR}/${FRAMEWORKS_FOLDER_PATH}/QRCodeReaderViewController.framework",
				"${TARGET_BUILD_DIR}/${FRAMEWORKS_FOLDER_PATH}/Rswift.framework",
				"${TARGET_BUILD_DIR}/${FRAMEWORKS_FOLDER_PATH}/Realm.framework",
				"${TARGET_BUILD_DIR}/${FRAMEWORKS_FOLDER_PATH}/RealmSwift.framework",
				"${TARGET_BUILD_DIR}/${FRAMEWORKS_FOLDER_PATH}/Result.framework",
				"${TARGET_BUILD_DIR}/${FRAMEWORKS_FOLDER_PATH}/SSKeychain.framework",
				"${TARGET_BUILD_DIR}/${FRAMEWORKS_FOLDER_PATH}/ScrollableGraphView.framework",
				"${TARGET_BUILD_DIR}/${FRAMEWORKS_FOLDER_PATH}/StackViewController.framework",
				"${TARGET_BUILD_DIR}/${FRAMEWORKS_FOLDER_PATH}/SipHash.framework",
				"${TARGET_BUILD_DIR}/${FRAMEWORKS_FOLDER_PATH}/StatefulViewController.framework",
				"${TARGET_BUILD_DIR}/${FRAMEWORKS_FOLDER_PATH}/VENTouchLock.framework",
			);
			runOnlyForDeploymentPostprocessing = 0;
			shellPath = /bin/sh;
			shellScript = "\"${SRCROOT}/Pods/Target Support Files/Pods-YourCoin/Pods-YourCoin-frameworks.sh\"\n";
			showEnvVarsInLog = 0;
		};
		C17F495ED848DAFFDC3622DB /* [CP] Copy Pods Resources */ = {
			isa = PBXShellScriptBuildPhase;
			buildActionMask = 2147483647;
			files = (
			);
			inputPaths = (
			);
			name = "[CP] Copy Pods Resources";
			outputPaths = (
			);
			runOnlyForDeploymentPostprocessing = 0;
			shellPath = /bin/sh;
			shellScript = "\"${SRCROOT}/Pods/Target Support Files/Pods-YourCoin/Pods-YourCoin-resources.sh\"\n";
			showEnvVarsInLog = 0;
		};
/* End PBXShellScriptBuildPhase section */

/* Begin PBXSourcesBuildPhase section */
		A80A466B1FD8280000F70DC6 /* Sources */ = {
			isa = PBXSourcesBuildPhase;
			buildActionMask = 2147483647;
			files = (
				623D8103206BBCCD003628A2 /* CoinCards.swift in Sources */,
				62276316206A9BCD000F6B9D /* WalletUIPageViewController.swift in Sources */,
				556126EB205C48120016575A /* HistoryTableViewController.swift in Sources */,
				62B9CA52201878B400A74278 /* WalletCardViewController.swift in Sources */,
				62202470200F9F3700382DA2 /* CustomUIButton.swift in Sources */,
				6221E1FC206D4D28004D43A2 /* WalletUIPageProtocol.swift in Sources */,
				627341EF2061012400B445E9 /* CustomUIView.swift in Sources */,
				A80A468C1FD82B4600F70DC6 /* UIImagePreloader.swift in Sources */,
				627341F12061027900B445E9 /* CustomUITextField.swift in Sources */,
				A80A467B1FD8280000F70DC6 /* YourCoin.xcdatamodeld in Sources */,
				6215FE722021F8E40037B2C4 /* RatesViewController.swift in Sources */,
				6221E1F8206D45BE004D43A2 /* AllTransactionsViewController.swift in Sources */,
				A80A46731FD8280000F70DC6 /* AppDelegate.swift in Sources */,
				62276318206AA7BF000F6B9D /* TypeCoin .swift in Sources */,
				62F841E52015FFDB0061EB0C /* AllCardsViewController.swift in Sources */,
				62CE750B20055B9200079B7D /* WalletCardObject.swift in Sources */,
			);
			runOnlyForDeploymentPostprocessing = 0;
		};
/* End PBXSourcesBuildPhase section */

/* Begin PBXVariantGroup section */
		A80A467E1FD8280000F70DC6 /* LaunchScreen.storyboard */ = {
			isa = PBXVariantGroup;
			children = (
				A80A467F1FD8280000F70DC6 /* Base */,
			);
			name = LaunchScreen.storyboard;
			sourceTree = "<group>";
		};
/* End PBXVariantGroup section */

/* Begin XCBuildConfiguration section */
		A80A46821FD8280000F70DC6 /* Debug */ = {
			isa = XCBuildConfiguration;
			buildSettings = {
				ALWAYS_SEARCH_USER_PATHS = NO;
				CLANG_ANALYZER_NONNULL = YES;
				CLANG_ANALYZER_NUMBER_OBJECT_CONVERSION = YES_AGGRESSIVE;
				CLANG_CXX_LANGUAGE_STANDARD = "gnu++14";
				CLANG_CXX_LIBRARY = "libc++";
				CLANG_ENABLE_MODULES = YES;
				CLANG_ENABLE_OBJC_ARC = YES;
				CLANG_WARN_BLOCK_CAPTURE_AUTORELEASING = YES;
				CLANG_WARN_BOOL_CONVERSION = YES;
				CLANG_WARN_COMMA = YES;
				CLANG_WARN_CONSTANT_CONVERSION = YES;
				CLANG_WARN_DIRECT_OBJC_ISA_USAGE = YES_ERROR;
				CLANG_WARN_DOCUMENTATION_COMMENTS = YES;
				CLANG_WARN_EMPTY_BODY = YES;
				CLANG_WARN_ENUM_CONVERSION = YES;
				CLANG_WARN_INFINITE_RECURSION = YES;
				CLANG_WARN_INT_CONVERSION = YES;
				CLANG_WARN_NON_LITERAL_NULL_CONVERSION = YES;
				CLANG_WARN_OBJC_LITERAL_CONVERSION = YES;
				CLANG_WARN_OBJC_ROOT_CLASS = YES_ERROR;
				CLANG_WARN_RANGE_LOOP_ANALYSIS = YES;
				CLANG_WARN_STRICT_PROTOTYPES = YES;
				CLANG_WARN_SUSPICIOUS_MOVE = YES;
				CLANG_WARN_UNGUARDED_AVAILABILITY = YES_AGGRESSIVE;
				CLANG_WARN_UNREACHABLE_CODE = YES;
				CLANG_WARN__DUPLICATE_METHOD_MATCH = YES;
				CODE_SIGN_IDENTITY = "iPhone Developer";
				COPY_PHASE_STRIP = NO;
				DEBUG_INFORMATION_FORMAT = dwarf;
				ENABLE_STRICT_OBJC_MSGSEND = YES;
				ENABLE_TESTABILITY = YES;
				GCC_C_LANGUAGE_STANDARD = gnu11;
				GCC_DYNAMIC_NO_PIC = NO;
				GCC_NO_COMMON_BLOCKS = YES;
				GCC_OPTIMIZATION_LEVEL = 0;
				GCC_PREPROCESSOR_DEFINITIONS = (
					"DEBUG=1",
					"$(inherited)",
				);
				GCC_WARN_64_TO_32_BIT_CONVERSION = YES;
				GCC_WARN_ABOUT_RETURN_TYPE = YES_ERROR;
				GCC_WARN_UNDECLARED_SELECTOR = YES;
				GCC_WARN_UNINITIALIZED_AUTOS = YES_AGGRESSIVE;
				GCC_WARN_UNUSED_FUNCTION = YES;
				GCC_WARN_UNUSED_VARIABLE = YES;
				IPHONEOS_DEPLOYMENT_TARGET = 11.1;
				MTL_ENABLE_DEBUG_INFO = YES;
				ONLY_ACTIVE_ARCH = YES;
				SDKROOT = iphoneos;
				SWIFT_ACTIVE_COMPILATION_CONDITIONS = DEBUG;
				SWIFT_OPTIMIZATION_LEVEL = "-Onone";
			};
			name = Debug;
		};
		A80A46831FD8280000F70DC6 /* Release */ = {
			isa = XCBuildConfiguration;
			buildSettings = {
				ALWAYS_SEARCH_USER_PATHS = NO;
				CLANG_ANALYZER_NONNULL = YES;
				CLANG_ANALYZER_NUMBER_OBJECT_CONVERSION = YES_AGGRESSIVE;
				CLANG_CXX_LANGUAGE_STANDARD = "gnu++14";
				CLANG_CXX_LIBRARY = "libc++";
				CLANG_ENABLE_MODULES = YES;
				CLANG_ENABLE_OBJC_ARC = YES;
				CLANG_WARN_BLOCK_CAPTURE_AUTORELEASING = YES;
				CLANG_WARN_BOOL_CONVERSION = YES;
				CLANG_WARN_COMMA = YES;
				CLANG_WARN_CONSTANT_CONVERSION = YES;
				CLANG_WARN_DIRECT_OBJC_ISA_USAGE = YES_ERROR;
				CLANG_WARN_DOCUMENTATION_COMMENTS = YES;
				CLANG_WARN_EMPTY_BODY = YES;
				CLANG_WARN_ENUM_CONVERSION = YES;
				CLANG_WARN_INFINITE_RECURSION = YES;
				CLANG_WARN_INT_CONVERSION = YES;
				CLANG_WARN_NON_LITERAL_NULL_CONVERSION = YES;
				CLANG_WARN_OBJC_LITERAL_CONVERSION = YES;
				CLANG_WARN_OBJC_ROOT_CLASS = YES_ERROR;
				CLANG_WARN_RANGE_LOOP_ANALYSIS = YES;
				CLANG_WARN_STRICT_PROTOTYPES = YES;
				CLANG_WARN_SUSPICIOUS_MOVE = YES;
				CLANG_WARN_UNGUARDED_AVAILABILITY = YES_AGGRESSIVE;
				CLANG_WARN_UNREACHABLE_CODE = YES;
				CLANG_WARN__DUPLICATE_METHOD_MATCH = YES;
				CODE_SIGN_IDENTITY = "iPhone Developer";
				COPY_PHASE_STRIP = NO;
				DEBUG_INFORMATION_FORMAT = "dwarf-with-dsym";
				ENABLE_NS_ASSERTIONS = NO;
				ENABLE_STRICT_OBJC_MSGSEND = YES;
				GCC_C_LANGUAGE_STANDARD = gnu11;
				GCC_NO_COMMON_BLOCKS = YES;
				GCC_WARN_64_TO_32_BIT_CONVERSION = YES;
				GCC_WARN_ABOUT_RETURN_TYPE = YES_ERROR;
				GCC_WARN_UNDECLARED_SELECTOR = YES;
				GCC_WARN_UNINITIALIZED_AUTOS = YES_AGGRESSIVE;
				GCC_WARN_UNUSED_FUNCTION = YES;
				GCC_WARN_UNUSED_VARIABLE = YES;
				IPHONEOS_DEPLOYMENT_TARGET = 11.1;
				MTL_ENABLE_DEBUG_INFO = NO;
				SDKROOT = iphoneos;
				SWIFT_OPTIMIZATION_LEVEL = "-Owholemodule";
				VALIDATE_PRODUCT = YES;
			};
			name = Release;
		};
		A80A46851FD8280000F70DC6 /* Debug */ = {
			isa = XCBuildConfiguration;
			baseConfigurationReference = B897C86793645DFB1AF42156 /* Pods-YourCoin.debug.xcconfig */;
			buildSettings = {
				ASSETCATALOG_COMPILER_LAUNCHIMAGE_NAME = LaunchImage;
				CODE_SIGN_STYLE = Automatic;
				DEVELOPMENT_TEAM = 527XT9Q8DK;
				ENABLE_BITCODE = NO;
				INFOPLIST_FILE = YourCoin/Info.plist;
				LD_RUNPATH_SEARCH_PATHS = "$(inherited) @executable_path/Frameworks";
				PRODUCT_BUNDLE_IDENTIFIER = "Bubble-team.YourCoin.com";
				PRODUCT_NAME = "$(TARGET_NAME)";
				SWIFT_VERSION = 4.0;
				TARGETED_DEVICE_FAMILY = "1,2";
			};
			name = Debug;
		};
		A80A46861FD8280000F70DC6 /* Release */ = {
			isa = XCBuildConfiguration;
			baseConfigurationReference = C816055B54D11345200417DC /* Pods-YourCoin.release.xcconfig */;
			buildSettings = {
				ASSETCATALOG_COMPILER_LAUNCHIMAGE_NAME = LaunchImage;
				CODE_SIGN_STYLE = Automatic;
				DEVELOPMENT_TEAM = 527XT9Q8DK;
				ENABLE_BITCODE = NO;
				INFOPLIST_FILE = YourCoin/Info.plist;
				LD_RUNPATH_SEARCH_PATHS = "$(inherited) @executable_path/Frameworks";
				PRODUCT_BUNDLE_IDENTIFIER = "Bubble-team.YourCoin.com";
				PRODUCT_NAME = "$(TARGET_NAME)";
				SWIFT_VERSION = 4.0;
				TARGETED_DEVICE_FAMILY = "1,2";
			};
			name = Release;
		};
/* End XCBuildConfiguration section */

/* Begin XCConfigurationList section */
		A80A466A1FD8280000F70DC6 /* Build configuration list for PBXProject "YourCoin" */ = {
			isa = XCConfigurationList;
			buildConfigurations = (
				A80A46821FD8280000F70DC6 /* Debug */,
				A80A46831FD8280000F70DC6 /* Release */,
			);
			defaultConfigurationIsVisible = 0;
			defaultConfigurationName = Release;
		};
		A80A46841FD8280000F70DC6 /* Build configuration list for PBXNativeTarget "YourCoin" */ = {
			isa = XCConfigurationList;
			buildConfigurations = (
				A80A46851FD8280000F70DC6 /* Debug */,
				A80A46861FD8280000F70DC6 /* Release */,
			);
			defaultConfigurationIsVisible = 0;
			defaultConfigurationName = Release;
		};
/* End XCConfigurationList section */

/* Begin XCVersionGroup section */
		A80A46791FD8280000F70DC6 /* YourCoin.xcdatamodeld */ = {
			isa = XCVersionGroup;
			children = (
				A80A467A1FD8280000F70DC6 /* YourCoin.xcdatamodel */,
			);
			currentVersion = A80A467A1FD8280000F70DC6 /* YourCoin.xcdatamodel */;
			path = YourCoin.xcdatamodeld;
			sourceTree = "<group>";
			versionGroupType = wrapper.xcdatamodel;
		};
/* End XCVersionGroup section */
	};
	rootObject = A80A46671FD8280000F70DC6 /* Project object */;
}
