// !$*UTF8*$!
{
	archiveVersion = 1;
	classes = {
	};
	objectVersion = 48;
	objects = {

/* Begin PBXBuildFile section */
		3D8C445093E16FE6E525D014 /* Pods_YourCoin.framework in Frameworks */ = {isa = PBXBuildFile; fileRef = 7DD64D35897A8278A74E1FE7 /* Pods_YourCoin.framework */; };
		55F1052320054ECF008EF83B /* Account.swift in Sources */ = {isa = PBXBuildFile; fileRef = 55F1050520054ECF008EF83B /* Account.swift */; };
		55F1052420054ECF008EF83B /* Address.swift in Sources */ = {isa = PBXBuildFile; fileRef = 55F1050620054ECF008EF83B /* Address.swift */; };
		55F1052520054ECF008EF83B /* Balance.swift in Sources */ = {isa = PBXBuildFile; fileRef = 55F1050720054ECF008EF83B /* Balance.swift */; };
		55F1052620054ECF008EF83B /* BalanceCoordinator.swift in Sources */ = {isa = PBXBuildFile; fileRef = 55F1050820054ECF008EF83B /* BalanceCoordinator.swift */; };
		55F1052720054ECF008EF83B /* BalancePrototcol.swift in Sources */ = {isa = PBXBuildFile; fileRef = 55F1050920054ECF008EF83B /* BalancePrototcol.swift */; };
		55F1052820054ECF008EF83B /* BalanceRequest.swift in Sources */ = {isa = PBXBuildFile; fileRef = 55F1050A20054ECF008EF83B /* BalanceRequest.swift */; };
		55F1052920054ECF008EF83B /* BigInt.swift in Sources */ = {isa = PBXBuildFile; fileRef = 55F1050B20054ECF008EF83B /* BigInt.swift */; };
		55F1052A20054ECF008EF83B /* BlockNumberRequest.swift in Sources */ = {isa = PBXBuildFile; fileRef = 55F1050C20054ECF008EF83B /* BlockNumberRequest.swift */; };
		55F1052B20054ECF008EF83B /* CastError.swift in Sources */ = {isa = PBXBuildFile; fileRef = 55F1050D20054ECF008EF83B /* CastError.swift */; };
		55F1052C20054ECF008EF83B /* ChainState.swift in Sources */ = {isa = PBXBuildFile; fileRef = 55F1050E20054ECF008EF83B /* ChainState.swift */; };
		55F1052D20054ECF008EF83B /* CoinMarketService.swift in Sources */ = {isa = PBXBuildFile; fileRef = 55F1050F20054ECF008EF83B /* CoinMarketService.swift */; };
		55F1052E20054ECF008EF83B /* CoinTicker.swift in Sources */ = {isa = PBXBuildFile; fileRef = 55F1051020054ECF008EF83B /* CoinTicker.swift */; };
		55F1052F20054ECF008EF83B /* CoinTickerID.swift in Sources */ = {isa = PBXBuildFile; fileRef = 55F1051120054ECF008EF83B /* CoinTickerID.swift */; };
		55F1053020054ECF008EF83B /* Config.swift in Sources */ = {isa = PBXBuildFile; fileRef = 55F1051220054ECF008EF83B /* Config.swift */; };
		55F1053120054ECF008EF83B /* CurrencyRate.swift in Sources */ = {isa = PBXBuildFile; fileRef = 55F1051320054ECF008EF83B /* CurrencyRate.swift */; };
		55F1053220054ECF008EF83B /* EthereumConverter.swift in Sources */ = {isa = PBXBuildFile; fileRef = 55F1051420054ECF008EF83B /* EthereumConverter.swift */; };
		55F1053320054ECF008EF83B /* EthereumUnit.swift in Sources */ = {isa = PBXBuildFile; fileRef = 55F1051520054ECF008EF83B /* EthereumUnit.swift */; };
		55F1053420054ECF008EF83B /* EtherKeystore.swift in Sources */ = {isa = PBXBuildFile; fileRef = 55F1051620054ECF008EF83B /* EtherKeystore.swift */; };
		55F1053520054ECF008EF83B /* EtherServiceRequest.swift in Sources */ = {isa = PBXBuildFile; fileRef = 55F1051720054ECF008EF83B /* EtherServiceRequest.swift */; };
		55F1053620054ECF008EF83B /* ExchangeRateCoordinator.swift in Sources */ = {isa = PBXBuildFile; fileRef = 55F1051820054ECF008EF83B /* ExchangeRateCoordinator.swift */; };
		55F1053720054ECF008EF83B /* Keystore.swift in Sources */ = {isa = PBXBuildFile; fileRef = 55F1051920054ECF008EF83B /* Keystore.swift */; };
		55F1053820054ECF008EF83B /* KeyStoreError.swift in Sources */ = {isa = PBXBuildFile; fileRef = 55F1051A20054ECF008EF83B /* KeyStoreError.swift */; };
		55F1053920054ECF008EF83B /* SendRawTransactionRequest.swift in Sources */ = {isa = PBXBuildFile; fileRef = 55F1051B20054ECF008EF83B /* SendRawTransactionRequest.swift */; };
		55F1053A20054ECF008EF83B /* SignTransaction.swift in Sources */ = {isa = PBXBuildFile; fileRef = 55F1051C20054ECF008EF83B /* SignTransaction.swift */; };
		55F1053B20054ECF008EF83B /* TransactionConfiguration.swift in Sources */ = {isa = PBXBuildFile; fileRef = 55F1051D20054ECF008EF83B /* TransactionConfiguration.swift */; };
		55F1053C20054ECF008EF83B /* TransactionSpeed.swift in Sources */ = {isa = PBXBuildFile; fileRef = 55F1051E20054ECF008EF83B /* TransactionSpeed.swift */; };
		55F1053D20054ECF008EF83B /* WalletSession.swift in Sources */ = {isa = PBXBuildFile; fileRef = 55F1051F20054ECF008EF83B /* WalletSession.swift */; };
		55F1053E20054ECF008EF83B /* Web3Request.swift in Sources */ = {isa = PBXBuildFile; fileRef = 55F1052020054ECF008EF83B /* Web3Request.swift */; };
		55F1053F20054ECF008EF83B /* Web3RequestType.swift in Sources */ = {isa = PBXBuildFile; fileRef = 55F1052120054ECF008EF83B /* Web3RequestType.swift */; };
		55F1054020054ECF008EF83B /* Web3Swift.swift in Sources */ = {isa = PBXBuildFile; fileRef = 55F1052220054ECF008EF83B /* Web3Swift.swift */; };
		6203CD372000F8E100768BB3 /* Podfile in Resources */ = {isa = PBXBuildFile; fileRef = 6203CD362000F8E100768BB3 /* Podfile */; };
		628C0F772000F39E0001E7AA /* Balance.swift in Sources */ = {isa = PBXBuildFile; fileRef = 628C0F762000F39E0001E7AA /* Balance.swift */; };
		A80A46731FD8280000F70DC6 /* AppDelegate.swift in Sources */ = {isa = PBXBuildFile; fileRef = A80A46721FD8280000F70DC6 /* AppDelegate.swift */; };
		A80A46751FD8280000F70DC6 /* ViewController.swift in Sources */ = {isa = PBXBuildFile; fileRef = A80A46741FD8280000F70DC6 /* ViewController.swift */; };
		A80A467B1FD8280000F70DC6 /* YourCoin.xcdatamodeld in Sources */ = {isa = PBXBuildFile; fileRef = A80A46791FD8280000F70DC6 /* YourCoin.xcdatamodeld */; };
		A80A467D1FD8280000F70DC6 /* Assets.xcassets in Resources */ = {isa = PBXBuildFile; fileRef = A80A467C1FD8280000F70DC6 /* Assets.xcassets */; };
		A80A46801FD8280000F70DC6 /* LaunchScreen.storyboard in Resources */ = {isa = PBXBuildFile; fileRef = A80A467E1FD8280000F70DC6 /* LaunchScreen.storyboard */; };
		A80A468C1FD82B4600F70DC6 /* UIImagePreloader.swift in Sources */ = {isa = PBXBuildFile; fileRef = A80A468B1FD82B4600F70DC6 /* UIImagePreloader.swift */; };
		A825D0771FEC1F6F0086A10D /* PresetntView.swift in Sources */ = {isa = PBXBuildFile; fileRef = A825D0761FEC1F6F0086A10D /* PresetntView.swift */; };
		A825D0791FEC2F0A0086A10D /* CreateAccountViewController.swift in Sources */ = {isa = PBXBuildFile; fileRef = A825D0781FEC2F0A0086A10D /* CreateAccountViewController.swift */; };
		A825D07F1FEC32A50086A10D /* WalletViewController.swift in Sources */ = {isa = PBXBuildFile; fileRef = A825D07E1FEC32A50086A10D /* WalletViewController.swift */; };
		A82BAE7B1FF6783000616D29 /* Main.storyboard in Resources */ = {isa = PBXBuildFile; fileRef = A82BAE7A1FF6783000616D29 /* Main.storyboard */; };
		A82BAE7D1FF67AB200616D29 /* ExchangeRatesViewController.swift in Sources */ = {isa = PBXBuildFile; fileRef = A82BAE7C1FF67AB200616D29 /* ExchangeRatesViewController.swift */; };
		A82FC63E1FF11D1900499645 /* StartCustomElements.swift in Sources */ = {isa = PBXBuildFile; fileRef = A82FC63D1FF11D1900499645 /* StartCustomElements.swift */; };
		A82FC6421FF1211600499645 /* WalletCustomElements.swift in Sources */ = {isa = PBXBuildFile; fileRef = A82FC6411FF1211600499645 /* WalletCustomElements.swift */; };
		A82FC6451FF1224E00499645 /* WalletUIProtocols.swift in Sources */ = {isa = PBXBuildFile; fileRef = A82FC6441FF1224E00499645 /* WalletUIProtocols.swift */; };
		A840301F1FE6FC2E00FFD282 /* StartUIProtocols.swift in Sources */ = {isa = PBXBuildFile; fileRef = A840301E1FE6FC2E00FFD282 /* StartUIProtocols.swift */; };
		A84030221FE6FD3300FFD282 /* LoginViewController.swift in Sources */ = {isa = PBXBuildFile; fileRef = A84030211FE6FD3300FFD282 /* LoginViewController.swift */; };
		A890E3F21FEAECC60005C74F /* Rectangle.png in Resources */ = {isa = PBXBuildFile; fileRef = A890E3F11FEAECC60005C74F /* Rectangle.png */; };
		A89CFEA31FF504E300C9F2BC /* SettingsIcon.png in Resources */ = {isa = PBXBuildFile; fileRef = A89CFEA21FF504E300C9F2BC /* SettingsIcon.png */; };
		A89CFEA51FF506B700C9F2BC /* DefaultRectangle.png in Resources */ = {isa = PBXBuildFile; fileRef = A89CFEA41FF506B700C9F2BC /* DefaultRectangle.png */; };
		A89CFEA71FF54FFE00C9F2BC /* CyanRectangle.png in Resources */ = {isa = PBXBuildFile; fileRef = A89CFEA61FF54FFE00C9F2BC /* CyanRectangle.png */; };
		A89CFEAE1FF5599C00C9F2BC /* BalanceUIViewController.swift in Sources */ = {isa = PBXBuildFile; fileRef = A89CFEAD1FF5599C00C9F2BC /* BalanceUIViewController.swift */; };
		A8EB0DBE1FEAC432006FEB83 /* Logo.png in Resources */ = {isa = PBXBuildFile; fileRef = A8EB0DBD1FEAC432006FEB83 /* Logo.png */; };
/* End PBXBuildFile section */

/* Begin PBXFileReference section */
		55F1050520054ECF008EF83B /* Account.swift */ = {isa = PBXFileReference; fileEncoding = 4; lastKnownFileType = sourcecode.swift; path = Account.swift; sourceTree = "<group>"; };
		55F1050620054ECF008EF83B /* Address.swift */ = {isa = PBXFileReference; fileEncoding = 4; lastKnownFileType = sourcecode.swift; path = Address.swift; sourceTree = "<group>"; };
		55F1050720054ECF008EF83B /* Balance.swift */ = {isa = PBXFileReference; fileEncoding = 4; lastKnownFileType = sourcecode.swift; path = Balance.swift; sourceTree = "<group>"; };
		55F1050820054ECF008EF83B /* BalanceCoordinator.swift */ = {isa = PBXFileReference; fileEncoding = 4; lastKnownFileType = sourcecode.swift; path = BalanceCoordinator.swift; sourceTree = "<group>"; };
		55F1050920054ECF008EF83B /* BalancePrototcol.swift */ = {isa = PBXFileReference; fileEncoding = 4; lastKnownFileType = sourcecode.swift; path = BalancePrototcol.swift; sourceTree = "<group>"; };
		55F1050A20054ECF008EF83B /* BalanceRequest.swift */ = {isa = PBXFileReference; fileEncoding = 4; lastKnownFileType = sourcecode.swift; path = BalanceRequest.swift; sourceTree = "<group>"; };
		55F1050B20054ECF008EF83B /* BigInt.swift */ = {isa = PBXFileReference; fileEncoding = 4; lastKnownFileType = sourcecode.swift; path = BigInt.swift; sourceTree = "<group>"; };
		55F1050C20054ECF008EF83B /* BlockNumberRequest.swift */ = {isa = PBXFileReference; fileEncoding = 4; lastKnownFileType = sourcecode.swift; path = BlockNumberRequest.swift; sourceTree = "<group>"; };
		55F1050D20054ECF008EF83B /* CastError.swift */ = {isa = PBXFileReference; fileEncoding = 4; lastKnownFileType = sourcecode.swift; path = CastError.swift; sourceTree = "<group>"; };
		55F1050E20054ECF008EF83B /* ChainState.swift */ = {isa = PBXFileReference; fileEncoding = 4; lastKnownFileType = sourcecode.swift; path = ChainState.swift; sourceTree = "<group>"; };
		55F1050F20054ECF008EF83B /* CoinMarketService.swift */ = {isa = PBXFileReference; fileEncoding = 4; lastKnownFileType = sourcecode.swift; path = CoinMarketService.swift; sourceTree = "<group>"; };
		55F1051020054ECF008EF83B /* CoinTicker.swift */ = {isa = PBXFileReference; fileEncoding = 4; lastKnownFileType = sourcecode.swift; path = CoinTicker.swift; sourceTree = "<group>"; };
		55F1051120054ECF008EF83B /* CoinTickerID.swift */ = {isa = PBXFileReference; fileEncoding = 4; lastKnownFileType = sourcecode.swift; path = CoinTickerID.swift; sourceTree = "<group>"; };
		55F1051220054ECF008EF83B /* Config.swift */ = {isa = PBXFileReference; fileEncoding = 4; lastKnownFileType = sourcecode.swift; path = Config.swift; sourceTree = "<group>"; };
		55F1051320054ECF008EF83B /* CurrencyRate.swift */ = {isa = PBXFileReference; fileEncoding = 4; lastKnownFileType = sourcecode.swift; path = CurrencyRate.swift; sourceTree = "<group>"; };
		55F1051420054ECF008EF83B /* EthereumConverter.swift */ = {isa = PBXFileReference; fileEncoding = 4; lastKnownFileType = sourcecode.swift; path = EthereumConverter.swift; sourceTree = "<group>"; };
		55F1051520054ECF008EF83B /* EthereumUnit.swift */ = {isa = PBXFileReference; fileEncoding = 4; lastKnownFileType = sourcecode.swift; path = EthereumUnit.swift; sourceTree = "<group>"; };
		55F1051620054ECF008EF83B /* EtherKeystore.swift */ = {isa = PBXFileReference; fileEncoding = 4; lastKnownFileType = sourcecode.swift; path = EtherKeystore.swift; sourceTree = "<group>"; };
		55F1051720054ECF008EF83B /* EtherServiceRequest.swift */ = {isa = PBXFileReference; fileEncoding = 4; lastKnownFileType = sourcecode.swift; path = EtherServiceRequest.swift; sourceTree = "<group>"; };
		55F1051820054ECF008EF83B /* ExchangeRateCoordinator.swift */ = {isa = PBXFileReference; fileEncoding = 4; lastKnownFileType = sourcecode.swift; path = ExchangeRateCoordinator.swift; sourceTree = "<group>"; };
		55F1051920054ECF008EF83B /* Keystore.swift */ = {isa = PBXFileReference; fileEncoding = 4; lastKnownFileType = sourcecode.swift; path = Keystore.swift; sourceTree = "<group>"; };
		55F1051A20054ECF008EF83B /* KeyStoreError.swift */ = {isa = PBXFileReference; fileEncoding = 4; lastKnownFileType = sourcecode.swift; path = KeyStoreError.swift; sourceTree = "<group>"; };
		55F1051B20054ECF008EF83B /* SendRawTransactionRequest.swift */ = {isa = PBXFileReference; fileEncoding = 4; lastKnownFileType = sourcecode.swift; path = SendRawTransactionRequest.swift; sourceTree = "<group>"; };
		55F1051C20054ECF008EF83B /* SignTransaction.swift */ = {isa = PBXFileReference; fileEncoding = 4; lastKnownFileType = sourcecode.swift; path = SignTransaction.swift; sourceTree = "<group>"; };
		55F1051D20054ECF008EF83B /* TransactionConfiguration.swift */ = {isa = PBXFileReference; fileEncoding = 4; lastKnownFileType = sourcecode.swift; path = TransactionConfiguration.swift; sourceTree = "<group>"; };
		55F1051E20054ECF008EF83B /* TransactionSpeed.swift */ = {isa = PBXFileReference; fileEncoding = 4; lastKnownFileType = sourcecode.swift; path = TransactionSpeed.swift; sourceTree = "<group>"; };
		55F1051F20054ECF008EF83B /* WalletSession.swift */ = {isa = PBXFileReference; fileEncoding = 4; lastKnownFileType = sourcecode.swift; path = WalletSession.swift; sourceTree = "<group>"; };
		55F1052020054ECF008EF83B /* Web3Request.swift */ = {isa = PBXFileReference; fileEncoding = 4; lastKnownFileType = sourcecode.swift; path = Web3Request.swift; sourceTree = "<group>"; };
		55F1052120054ECF008EF83B /* Web3RequestType.swift */ = {isa = PBXFileReference; fileEncoding = 4; lastKnownFileType = sourcecode.swift; path = Web3RequestType.swift; sourceTree = "<group>"; };
		55F1052220054ECF008EF83B /* Web3Swift.swift */ = {isa = PBXFileReference; fileEncoding = 4; lastKnownFileType = sourcecode.swift; path = Web3Swift.swift; sourceTree = "<group>"; };
		6203CD362000F8E100768BB3 /* Podfile */ = {isa = PBXFileReference; lastKnownFileType = text; path = Podfile; sourceTree = "<group>"; };
		628C0F762000F39E0001E7AA /* Balance.swift */ = {isa = PBXFileReference; lastKnownFileType = sourcecode.swift; path = Balance.swift; sourceTree = "<group>"; };
		7DD64D35897A8278A74E1FE7 /* Pods_YourCoin.framework */ = {isa = PBXFileReference; explicitFileType = wrapper.framework; includeInIndex = 0; path = Pods_YourCoin.framework; sourceTree = BUILT_PRODUCTS_DIR; };
		A80A466F1FD8280000F70DC6 /* YourCoin.app */ = {isa = PBXFileReference; explicitFileType = wrapper.application; includeInIndex = 0; path = YourCoin.app; sourceTree = BUILT_PRODUCTS_DIR; };
		A80A46721FD8280000F70DC6 /* AppDelegate.swift */ = {isa = PBXFileReference; lastKnownFileType = sourcecode.swift; path = AppDelegate.swift; sourceTree = "<group>"; };
		A80A46741FD8280000F70DC6 /* ViewController.swift */ = {isa = PBXFileReference; lastKnownFileType = sourcecode.swift; path = ViewController.swift; sourceTree = "<group>"; };
		A80A467A1FD8280000F70DC6 /* YourCoin.xcdatamodel */ = {isa = PBXFileReference; lastKnownFileType = wrapper.xcdatamodel; path = YourCoin.xcdatamodel; sourceTree = "<group>"; };
		A80A467C1FD8280000F70DC6 /* Assets.xcassets */ = {isa = PBXFileReference; lastKnownFileType = folder.assetcatalog; path = Assets.xcassets; sourceTree = "<group>"; };
		A80A467F1FD8280000F70DC6 /* Base */ = {isa = PBXFileReference; lastKnownFileType = file.storyboard; name = Base; path = Base.lproj/LaunchScreen.storyboard; sourceTree = "<group>"; };
		A80A46811FD8280000F70DC6 /* Info.plist */ = {isa = PBXFileReference; lastKnownFileType = text.plist.xml; path = Info.plist; sourceTree = "<group>"; };
		A80A468B1FD82B4600F70DC6 /* UIImagePreloader.swift */ = {isa = PBXFileReference; lastKnownFileType = sourcecode.swift; path = UIImagePreloader.swift; sourceTree = "<group>"; };
		A825D0761FEC1F6F0086A10D /* PresetntView.swift */ = {isa = PBXFileReference; lastKnownFileType = sourcecode.swift; path = PresetntView.swift; sourceTree = "<group>"; };
		A825D0781FEC2F0A0086A10D /* CreateAccountViewController.swift */ = {isa = PBXFileReference; lastKnownFileType = sourcecode.swift; path = CreateAccountViewController.swift; sourceTree = "<group>"; };
		A825D07E1FEC32A50086A10D /* WalletViewController.swift */ = {isa = PBXFileReference; lastKnownFileType = sourcecode.swift; path = WalletViewController.swift; sourceTree = "<group>"; };
		A82BAE7A1FF6783000616D29 /* Main.storyboard */ = {isa = PBXFileReference; fileEncoding = 4; lastKnownFileType = file.storyboard; path = Main.storyboard; sourceTree = "<group>"; };
		A82BAE7C1FF67AB200616D29 /* ExchangeRatesViewController.swift */ = {isa = PBXFileReference; lastKnownFileType = sourcecode.swift; path = ExchangeRatesViewController.swift; sourceTree = "<group>"; };
		A82FC63D1FF11D1900499645 /* StartCustomElements.swift */ = {isa = PBXFileReference; lastKnownFileType = sourcecode.swift; path = StartCustomElements.swift; sourceTree = "<group>"; };
		A82FC6411FF1211600499645 /* WalletCustomElements.swift */ = {isa = PBXFileReference; lastKnownFileType = sourcecode.swift; path = WalletCustomElements.swift; sourceTree = "<group>"; };
		A82FC6441FF1224E00499645 /* WalletUIProtocols.swift */ = {isa = PBXFileReference; lastKnownFileType = sourcecode.swift; path = WalletUIProtocols.swift; sourceTree = "<group>"; };
		A840301E1FE6FC2E00FFD282 /* StartUIProtocols.swift */ = {isa = PBXFileReference; lastKnownFileType = sourcecode.swift; path = StartUIProtocols.swift; sourceTree = "<group>"; };
		A84030211FE6FD3300FFD282 /* LoginViewController.swift */ = {isa = PBXFileReference; lastKnownFileType = sourcecode.swift; path = LoginViewController.swift; sourceTree = "<group>"; };
		A890E3F11FEAECC60005C74F /* Rectangle.png */ = {isa = PBXFileReference; lastKnownFileType = image.png; path = Rectangle.png; sourceTree = "<group>"; };
		A89CFEA21FF504E300C9F2BC /* SettingsIcon.png */ = {isa = PBXFileReference; lastKnownFileType = image.png; path = SettingsIcon.png; sourceTree = "<group>"; };
		A89CFEA41FF506B700C9F2BC /* DefaultRectangle.png */ = {isa = PBXFileReference; lastKnownFileType = image.png; path = DefaultRectangle.png; sourceTree = "<group>"; };
		A89CFEA61FF54FFE00C9F2BC /* CyanRectangle.png */ = {isa = PBXFileReference; lastKnownFileType = image.png; path = CyanRectangle.png; sourceTree = "<group>"; };
		A89CFEAD1FF5599C00C9F2BC /* BalanceUIViewController.swift */ = {isa = PBXFileReference; fileEncoding = 4; lastKnownFileType = sourcecode.swift; path = BalanceUIViewController.swift; sourceTree = "<group>"; };
		A8EB0DBD1FEAC432006FEB83 /* Logo.png */ = {isa = PBXFileReference; lastKnownFileType = image.png; name = Logo.png; path = YourCoin/Assets.xcassets/Image/BigLogo.imageset/Logo.png; sourceTree = SOURCE_ROOT; };
		B897C86793645DFB1AF42156 /* Pods-YourCoin.debug.xcconfig */ = {isa = PBXFileReference; includeInIndex = 1; lastKnownFileType = text.xcconfig; name = "Pods-YourCoin.debug.xcconfig"; path = "Pods/Target Support Files/Pods-YourCoin/Pods-YourCoin.debug.xcconfig"; sourceTree = "<group>"; };
		C816055B54D11345200417DC /* Pods-YourCoin.release.xcconfig */ = {isa = PBXFileReference; includeInIndex = 1; lastKnownFileType = text.xcconfig; name = "Pods-YourCoin.release.xcconfig"; path = "Pods/Target Support Files/Pods-YourCoin/Pods-YourCoin.release.xcconfig"; sourceTree = "<group>"; };
/* End PBXFileReference section */

/* Begin PBXFrameworksBuildPhase section */
		A80A466C1FD8280000F70DC6 /* Frameworks */ = {
			isa = PBXFrameworksBuildPhase;
			buildActionMask = 2147483647;
			files = (
				3D8C445093E16FE6E525D014 /* Pods_YourCoin.framework in Frameworks */,
			);
			runOnlyForDeploymentPostprocessing = 0;
		};
/* End PBXFrameworksBuildPhase section */

/* Begin PBXGroup section */
		55F1050420054ECF008EF83B /* Network */ = {
			isa = PBXGroup;
			children = (
				55F1050520054ECF008EF83B /* Account.swift */,
				55F1050620054ECF008EF83B /* Address.swift */,
				55F1050720054ECF008EF83B /* Balance.swift */,
				55F1050820054ECF008EF83B /* BalanceCoordinator.swift */,
				55F1050920054ECF008EF83B /* BalancePrototcol.swift */,
				55F1050A20054ECF008EF83B /* BalanceRequest.swift */,
				55F1050B20054ECF008EF83B /* BigInt.swift */,
				55F1050C20054ECF008EF83B /* BlockNumberRequest.swift */,
				55F1050D20054ECF008EF83B /* CastError.swift */,
				55F1050E20054ECF008EF83B /* ChainState.swift */,
				55F1050F20054ECF008EF83B /* CoinMarketService.swift */,
				55F1051020054ECF008EF83B /* CoinTicker.swift */,
				55F1051120054ECF008EF83B /* CoinTickerID.swift */,
				55F1051220054ECF008EF83B /* Config.swift */,
				55F1051320054ECF008EF83B /* CurrencyRate.swift */,
				55F1051420054ECF008EF83B /* EthereumConverter.swift */,
				55F1051520054ECF008EF83B /* EthereumUnit.swift */,
				55F1051620054ECF008EF83B /* EtherKeystore.swift */,
				55F1051720054ECF008EF83B /* EtherServiceRequest.swift */,
				55F1051820054ECF008EF83B /* ExchangeRateCoordinator.swift */,
				55F1051920054ECF008EF83B /* Keystore.swift */,
				55F1051A20054ECF008EF83B /* KeyStoreError.swift */,
				55F1051B20054ECF008EF83B /* SendRawTransactionRequest.swift */,
				55F1051C20054ECF008EF83B /* SignTransaction.swift */,
				55F1051D20054ECF008EF83B /* TransactionConfiguration.swift */,
				55F1051E20054ECF008EF83B /* TransactionSpeed.swift */,
				55F1051F20054ECF008EF83B /* WalletSession.swift */,
				55F1052020054ECF008EF83B /* Web3Request.swift */,
				55F1052120054ECF008EF83B /* Web3RequestType.swift */,
				55F1052220054ECF008EF83B /* Web3Swift.swift */,
			);
			name = Network;
			path = ../../Network;
			sourceTree = "<group>";
		};
		738D7AD546768CBE06174356 /* Frameworks */ = {
			isa = PBXGroup;
			children = (
				7DD64D35897A8278A74E1FE7 /* Pods_YourCoin.framework */,
			);
			name = Frameworks;
			sourceTree = "<group>";
		};
		A631B7EE43095BAAD4280C01 /* Pods */ = {
			isa = PBXGroup;
			children = (
				B897C86793645DFB1AF42156 /* Pods-YourCoin.debug.xcconfig */,
				C816055B54D11345200417DC /* Pods-YourCoin.release.xcconfig */,
			);
			name = Pods;
			sourceTree = "<group>";
		};
		A80A46661FD8280000F70DC6 = {
			isa = PBXGroup;
			children = (
				A80A46711FD8280000F70DC6 /* YourCoin */,
				A80A46701FD8280000F70DC6 /* Products */,
				A631B7EE43095BAAD4280C01 /* Pods */,
				738D7AD546768CBE06174356 /* Frameworks */,
			);
			sourceTree = "<group>";
		};
		A80A46701FD8280000F70DC6 /* Products */ = {
			isa = PBXGroup;
			children = (
				A80A466F1FD8280000F70DC6 /* YourCoin.app */,
			);
			name = Products;
			sourceTree = "<group>";
		};
		A80A46711FD8280000F70DC6 /* YourCoin */ = {
			isa = PBXGroup;
			children = (
				55F1050420054ECF008EF83B /* Network */,
				A82BAE7A1FF6783000616D29 /* Main.storyboard */,
				A825D07C1FEC32280086A10D /* Wallet */,
				A8571F911FD9B075003430F3 /* StartApp */,
				A80A46721FD8280000F70DC6 /* AppDelegate.swift */,
				A80A467C1FD8280000F70DC6 /* Assets.xcassets */,
				A80A467E1FD8280000F70DC6 /* LaunchScreen.storyboard */,
				A80A46811FD8280000F70DC6 /* Info.plist */,
				A80A46791FD8280000F70DC6 /* YourCoin.xcdatamodeld */,
				A80A468B1FD82B4600F70DC6 /* UIImagePreloader.swift */,
				6203CD362000F8E100768BB3 /* Podfile */,
			);
			path = YourCoin;
			sourceTree = "<group>";
		};
		A825D07C1FEC32280086A10D /* Wallet */ = {
			isa = PBXGroup;
			children = (
				A82FC6431FF1221D00499645 /* Protocols */,
				A82FC6401FF1210000499645 /* Resurse */,
				A82FC63F1FF120F100499645 /* Elements */,
				A825D07D1FEC32520086A10D /* Controllers */,
			);
			path = Wallet;
			sourceTree = "<group>";
		};
		A825D07D1FEC32520086A10D /* Controllers */ = {
			isa = PBXGroup;
			children = (
				A89CFEA81FF555A300C9F2BC /* ContainerViews */,
				A825D07E1FEC32A50086A10D /* WalletViewController.swift */,
			);
			path = Controllers;
			sourceTree = "<group>";
		};
		A82BAE7E1FF6832000616D29 /* Balance */ = {
			isa = PBXGroup;
			children = (
				628C0F762000F39E0001E7AA /* Balance.swift */,
			);
			path = Balance;
			sourceTree = "<group>";
		};
		A82BAE7F1FF6832C00616D29 /* Exchange Rates */ = {
			isa = PBXGroup;
			children = (
			);
			path = "Exchange Rates";
			sourceTree = "<group>";
		};
		A82FC63C1FF11CC500499645 /* Elements */ = {
			isa = PBXGroup;
			children = (
				A82FC63D1FF11D1900499645 /* StartCustomElements.swift */,
			);
			path = Elements;
			sourceTree = "<group>";
		};
		A82FC63F1FF120F100499645 /* Elements */ = {
			isa = PBXGroup;
			children = (
				A82FC6411FF1211600499645 /* WalletCustomElements.swift */,
			);
			path = Elements;
			sourceTree = "<group>";
		};
		A82FC6401FF1210000499645 /* Resurse */ = {
			isa = PBXGroup;
			children = (
				A89CFEA61FF54FFE00C9F2BC /* CyanRectangle.png */,
				A89CFEA41FF506B700C9F2BC /* DefaultRectangle.png */,
				A89CFEA21FF504E300C9F2BC /* SettingsIcon.png */,
			);
			path = Resurse;
			sourceTree = "<group>";
		};
		A82FC6431FF1221D00499645 /* Protocols */ = {
			isa = PBXGroup;
			children = (
				A82FC6441FF1224E00499645 /* WalletUIProtocols.swift */,
			);
			path = Protocols;
			sourceTree = "<group>";
		};
		A84030201FE6FCE400FFD282 /* Protocols */ = {
			isa = PBXGroup;
			children = (
				A825D0761FEC1F6F0086A10D /* PresetntView.swift */,
				A840301E1FE6FC2E00FFD282 /* StartUIProtocols.swift */,
			);
			path = Protocols;
			sourceTree = "<group>";
		};
		A8571F911FD9B075003430F3 /* StartApp */ = {
			isa = PBXGroup;
			children = (
				A84030201FE6FCE400FFD282 /* Protocols */,
				A82FC63C1FF11CC500499645 /* Elements */,
				A8EB0DBC1FEAC3EB006FEB83 /* Resurse */,
				A8571F921FD9B0A1003430F3 /* Controllers */,
			);
			path = StartApp;
			sourceTree = "<group>";
		};
		A8571F921FD9B0A1003430F3 /* Controllers */ = {
			isa = PBXGroup;
			children = (
				A80A46741FD8280000F70DC6 /* ViewController.swift */,
				A84030211FE6FD3300FFD282 /* LoginViewController.swift */,
				A825D0781FEC2F0A0086A10D /* CreateAccountViewController.swift */,
			);
			path = Controllers;
			sourceTree = "<group>";
		};
		A89CFEA81FF555A300C9F2BC /* ContainerViews */ = {
			isa = PBXGroup;
			children = (
				A82BAE7C1FF67AB200616D29 /* ExchangeRatesViewController.swift */,
				A89CFEAD1FF5599C00C9F2BC /* BalanceUIViewController.swift */,
				A82BAE7F1FF6832C00616D29 /* Exchange Rates */,
				A82BAE7E1FF6832000616D29 /* Balance */,
			);
			path = ContainerViews;
			sourceTree = "<group>";
		};
		A8EB0DBC1FEAC3EB006FEB83 /* Resurse */ = {
			isa = PBXGroup;
			children = (
				A890E3F11FEAECC60005C74F /* Rectangle.png */,
				A8EB0DBD1FEAC432006FEB83 /* Logo.png */,
			);
			path = Resurse;
			sourceTree = "<group>";
		};
/* End PBXGroup section */

/* Begin PBXNativeTarget section */
		A80A466E1FD8280000F70DC6 /* YourCoin */ = {
			isa = PBXNativeTarget;
			buildConfigurationList = A80A46841FD8280000F70DC6 /* Build configuration list for PBXNativeTarget "YourCoin" */;
			buildPhases = (
				0F8036E6C4719AF0347970E3 /* [CP] Check Pods Manifest.lock */,
				A80A466B1FD8280000F70DC6 /* Sources */,
				A80A466C1FD8280000F70DC6 /* Frameworks */,
				A80A466D1FD8280000F70DC6 /* Resources */,
				153057614D2AAA461CBE0C76 /* [CP] Embed Pods Frameworks */,
				C17F495ED848DAFFDC3622DB /* [CP] Copy Pods Resources */,
			);
			buildRules = (
			);
			dependencies = (
			);
			name = YourCoin;
			productName = YourCoin;
			productReference = A80A466F1FD8280000F70DC6 /* YourCoin.app */;
			productType = "com.apple.product-type.application";
		};
/* End PBXNativeTarget section */

/* Begin PBXProject section */
		A80A46671FD8280000F70DC6 /* Project object */ = {
			isa = PBXProject;
			attributes = {
				LastSwiftUpdateCheck = 0910;
				LastUpgradeCheck = 0910;
				ORGANIZATIONNAME = Bubble;
				TargetAttributes = {
					A80A466E1FD8280000F70DC6 = {
						CreatedOnToolsVersion = 9.1;
						ProvisioningStyle = Automatic;
					};
				};
			};
			buildConfigurationList = A80A466A1FD8280000F70DC6 /* Build configuration list for PBXProject "YourCoin" */;
			compatibilityVersion = "Xcode 8.0";
			developmentRegion = en;
			hasScannedForEncodings = 0;
			knownRegions = (
				en,
				Base,
			);
			mainGroup = A80A46661FD8280000F70DC6;
			productRefGroup = A80A46701FD8280000F70DC6 /* Products */;
			projectDirPath = "";
			projectRoot = "";
			targets = (
				A80A466E1FD8280000F70DC6 /* YourCoin */,
			);
		};
/* End PBXProject section */

/* Begin PBXResourcesBuildPhase section */
		A80A466D1FD8280000F70DC6 /* Resources */ = {
			isa = PBXResourcesBuildPhase;
			buildActionMask = 2147483647;
			files = (
				A80A46801FD8280000F70DC6 /* LaunchScreen.storyboard in Resources */,
				A890E3F21FEAECC60005C74F /* Rectangle.png in Resources */,
				A80A467D1FD8280000F70DC6 /* Assets.xcassets in Resources */,
				A82BAE7B1FF6783000616D29 /* Main.storyboard in Resources */,
				A8EB0DBE1FEAC432006FEB83 /* Logo.png in Resources */,
				A89CFEA51FF506B700C9F2BC /* DefaultRectangle.png in Resources */,
				6203CD372000F8E100768BB3 /* Podfile in Resources */,
				A89CFEA71FF54FFE00C9F2BC /* CyanRectangle.png in Resources */,
				A89CFEA31FF504E300C9F2BC /* SettingsIcon.png in Resources */,
			);
			runOnlyForDeploymentPostprocessing = 0;
		};
/* End PBXResourcesBuildPhase section */

/* Begin PBXShellScriptBuildPhase section */
		0F8036E6C4719AF0347970E3 /* [CP] Check Pods Manifest.lock */ = {
			isa = PBXShellScriptBuildPhase;
			buildActionMask = 2147483647;
			files = (
			);
			inputPaths = (
				"${PODS_PODFILE_DIR_PATH}/Podfile.lock",
				"${PODS_ROOT}/Manifest.lock",
			);
			name = "[CP] Check Pods Manifest.lock";
			outputPaths = (
				"$(DERIVED_FILE_DIR)/Pods-YourCoin-checkManifestLockResult.txt",
			);
			runOnlyForDeploymentPostprocessing = 0;
			shellPath = /bin/sh;
			shellScript = "diff \"${PODS_PODFILE_DIR_PATH}/Podfile.lock\" \"${PODS_ROOT}/Manifest.lock\" > /dev/null\nif [ $? != 0 ] ; then\n    # print error to STDERR\n    echo \"error: The sandbox is not in sync with the Podfile.lock. Run 'pod install' or update your CocoaPods installation.\" >&2\n    exit 1\nfi\n# This output is used by Xcode 'outputs' to avoid re-running this script phase.\necho \"SUCCESS\" > \"${SCRIPT_OUTPUT_FILE_0}\"\n";
			showEnvVarsInLog = 0;
		};
		153057614D2AAA461CBE0C76 /* [CP] Embed Pods Frameworks */ = {
			isa = PBXShellScriptBuildPhase;
			buildActionMask = 2147483647;
			files = (
			);
			inputPaths = (
				"${SRCROOT}/Pods/Target Support Files/Pods-YourCoin/Pods-YourCoin-frameworks.sh",
				"${BUILT_PRODUCTS_DIR}/1PasswordExtension/OnePasswordExtension.framework",
				"${BUILT_PRODUCTS_DIR}/APIKit/APIKit.framework",
				"${BUILT_PRODUCTS_DIR}/Alamofire/Alamofire.framework",
				"${BUILT_PRODUCTS_DIR}/BigInt/BigInt.framework",
				"${BUILT_PRODUCTS_DIR}/BonMot/BonMot.framework",
				"${BUILT_PRODUCTS_DIR}/CryptoSwift/CryptoSwift.framework",
				"${BUILT_PRODUCTS_DIR}/EAIntroView/EAIntroView.framework",
				"${BUILT_PRODUCTS_DIR}/EARestrictedScrollView/EARestrictedScrollView.framework",
				"${BUILT_PRODUCTS_DIR}/Eureka/Eureka.framework",
				"${BUILT_PRODUCTS_DIR}/JSONRPCKit/JSONRPCKit.framework",
				"${BUILT_PRODUCTS_DIR}/JavaScriptKit/JavaScriptKit.framework",
				"${BUILT_PRODUCTS_DIR}/KeychainSwift/KeychainSwift.framework",
				"${BUILT_PRODUCTS_DIR}/MBProgressHUD/MBProgressHUD.framework",
				"${BUILT_PRODUCTS_DIR}/Moya/Moya.framework",
				"${BUILT_PRODUCTS_DIR}/PureLayout/PureLayout.framework",
				"${BUILT_PRODUCTS_DIR}/QRCodeReaderViewController/QRCodeReaderViewController.framework",
				"${BUILT_PRODUCTS_DIR}/R.swift.Library/Rswift.framework",
				"${BUILT_PRODUCTS_DIR}/Realm/Realm.framework",
				"${BUILT_PRODUCTS_DIR}/RealmSwift/RealmSwift.framework",
				"${BUILT_PRODUCTS_DIR}/Result/Result.framework",
				"${BUILT_PRODUCTS_DIR}/SSKeychain/SSKeychain.framework",
				"${BUILT_PRODUCTS_DIR}/SeedStackViewController/StackViewController.framework",
				"${BUILT_PRODUCTS_DIR}/SipHash/SipHash.framework",
				"${BUILT_PRODUCTS_DIR}/StatefulViewController/StatefulViewController.framework",
				"${BUILT_PRODUCTS_DIR}/VENTouchLock/VENTouchLock.framework",
			);
			name = "[CP] Embed Pods Frameworks";
			outputPaths = (
				"${TARGET_BUILD_DIR}/${FRAMEWORKS_FOLDER_PATH}/OnePasswordExtension.framework",
				"${TARGET_BUILD_DIR}/${FRAMEWORKS_FOLDER_PATH}/APIKit.framework",
				"${TARGET_BUILD_DIR}/${FRAMEWORKS_FOLDER_PATH}/Alamofire.framework",
				"${TARGET_BUILD_DIR}/${FRAMEWORKS_FOLDER_PATH}/BigInt.framework",
				"${TARGET_BUILD_DIR}/${FRAMEWORKS_FOLDER_PATH}/BonMot.framework",
				"${TARGET_BUILD_DIR}/${FRAMEWORKS_FOLDER_PATH}/CryptoSwift.framework",
				"${TARGET_BUILD_DIR}/${FRAMEWORKS_FOLDER_PATH}/EAIntroView.framework",
				"${TARGET_BUILD_DIR}/${FRAMEWORKS_FOLDER_PATH}/EARestrictedScrollView.framework",
				"${TARGET_BUILD_DIR}/${FRAMEWORKS_FOLDER_PATH}/Eureka.framework",
				"${TARGET_BUILD_DIR}/${FRAMEWORKS_FOLDER_PATH}/JSONRPCKit.framework",
				"${TARGET_BUILD_DIR}/${FRAMEWORKS_FOLDER_PATH}/JavaScriptKit.framework",
				"${TARGET_BUILD_DIR}/${FRAMEWORKS_FOLDER_PATH}/KeychainSwift.framework",
				"${TARGET_BUILD_DIR}/${FRAMEWORKS_FOLDER_PATH}/MBProgressHUD.framework",
				"${TARGET_BUILD_DIR}/${FRAMEWORKS_FOLDER_PATH}/Moya.framework",
				"${TARGET_BUILD_DIR}/${FRAMEWORKS_FOLDER_PATH}/PureLayout.framework",
				"${TARGET_BUILD_DIR}/${FRAMEWORKS_FOLDER_PATH}/QRCodeReaderViewController.framework",
				"${TARGET_BUILD_DIR}/${FRAMEWORKS_FOLDER_PATH}/Rswift.framework",
				"${TARGET_BUILD_DIR}/${FRAMEWORKS_FOLDER_PATH}/Realm.framework",
				"${TARGET_BUILD_DIR}/${FRAMEWORKS_FOLDER_PATH}/RealmSwift.framework",
				"${TARGET_BUILD_DIR}/${FRAMEWORKS_FOLDER_PATH}/Result.framework",
				"${TARGET_BUILD_DIR}/${FRAMEWORKS_FOLDER_PATH}/SSKeychain.framework",
				"${TARGET_BUILD_DIR}/${FRAMEWORKS_FOLDER_PATH}/StackViewController.framework",
				"${TARGET_BUILD_DIR}/${FRAMEWORKS_FOLDER_PATH}/SipHash.framework",
				"${TARGET_BUILD_DIR}/${FRAMEWORKS_FOLDER_PATH}/StatefulViewController.framework",
				"${TARGET_BUILD_DIR}/${FRAMEWORKS_FOLDER_PATH}/VENTouchLock.framework",
			);
			runOnlyForDeploymentPostprocessing = 0;
			shellPath = /bin/sh;
			shellScript = "\"${SRCROOT}/Pods/Target Support Files/Pods-YourCoin/Pods-YourCoin-frameworks.sh\"\n";
			showEnvVarsInLog = 0;
		};
		C17F495ED848DAFFDC3622DB /* [CP] Copy Pods Resources */ = {
			isa = PBXShellScriptBuildPhase;
			buildActionMask = 2147483647;
			files = (
			);
			inputPaths = (
			);
			name = "[CP] Copy Pods Resources";
			outputPaths = (
			);
			runOnlyForDeploymentPostprocessing = 0;
			shellPath = /bin/sh;
			shellScript = "\"${SRCROOT}/Pods/Target Support Files/Pods-YourCoin/Pods-YourCoin-resources.sh\"\n";
			showEnvVarsInLog = 0;
		};
/* End PBXShellScriptBuildPhase section */

/* Begin PBXSourcesBuildPhase section */
		A80A466B1FD8280000F70DC6 /* Sources */ = {
			isa = PBXSourcesBuildPhase;
			buildActionMask = 2147483647;
			files = (
				55F1052620054ECF008EF83B /* BalanceCoordinator.swift in Sources */,
				A84030221FE6FD3300FFD282 /* LoginViewController.swift in Sources */,
				55F1052820054ECF008EF83B /* BalanceRequest.swift in Sources */,
				55F1053D20054ECF008EF83B /* WalletSession.swift in Sources */,
				55F1053820054ECF008EF83B /* KeyStoreError.swift in Sources */,
				628C0F772000F39E0001E7AA /* Balance.swift in Sources */,
				55F1053120054ECF008EF83B /* CurrencyRate.swift in Sources */,
				A80A468C1FD82B4600F70DC6 /* UIImagePreloader.swift in Sources */,
				A840301F1FE6FC2E00FFD282 /* StartUIProtocols.swift in Sources */,
				55F1052920054ECF008EF83B /* BigInt.swift in Sources */,
				55F1052520054ECF008EF83B /* Balance.swift in Sources */,
				55F1052A20054ECF008EF83B /* BlockNumberRequest.swift in Sources */,
				A82FC63E1FF11D1900499645 /* StartCustomElements.swift in Sources */,
				55F1052320054ECF008EF83B /* Account.swift in Sources */,
				55F1053320054ECF008EF83B /* EthereumUnit.swift in Sources */,
				A825D0771FEC1F6F0086A10D /* PresetntView.swift in Sources */,
				55F1052D20054ECF008EF83B /* CoinMarketService.swift in Sources */,
				55F1053720054ECF008EF83B /* Keystore.swift in Sources */,
				55F1052F20054ECF008EF83B /* CoinTickerID.swift in Sources */,
				A825D0791FEC2F0A0086A10D /* CreateAccountViewController.swift in Sources */,
				55F1053C20054ECF008EF83B /* TransactionSpeed.swift in Sources */,
				55F1053A20054ECF008EF83B /* SignTransaction.swift in Sources */,
				A825D07F1FEC32A50086A10D /* WalletViewController.swift in Sources */,
				A82BAE7D1FF67AB200616D29 /* ExchangeRatesViewController.swift in Sources */,
				55F1053420054ECF008EF83B /* EtherKeystore.swift in Sources */,
				55F1053B20054ECF008EF83B /* TransactionConfiguration.swift in Sources */,
				55F1052B20054ECF008EF83B /* CastError.swift in Sources */,
				55F1053920054ECF008EF83B /* SendRawTransactionRequest.swift in Sources */,
				55F1053F20054ECF008EF83B /* Web3RequestType.swift in Sources */,
				55F1052C20054ECF008EF83B /* ChainState.swift in Sources */,
				A89CFEAE1FF5599C00C9F2BC /* BalanceUIViewController.swift in Sources */,
				A82FC6451FF1224E00499645 /* WalletUIProtocols.swift in Sources */,
				55F1052420054ECF008EF83B /* Address.swift in Sources */,
				55F1053020054ECF008EF83B /* Config.swift in Sources */,
				55F1053620054ECF008EF83B /* ExchangeRateCoordinator.swift in Sources */,
				A80A467B1FD8280000F70DC6 /* YourCoin.xcdatamodeld in Sources */,
				A80A46751FD8280000F70DC6 /* ViewController.swift in Sources */,
				55F1052E20054ECF008EF83B /* CoinTicker.swift in Sources */,
				55F1053E20054ECF008EF83B /* Web3Request.swift in Sources */,
				55F1053220054ECF008EF83B /* EthereumConverter.swift in Sources */,
				55F1052720054ECF008EF83B /* BalancePrototcol.swift in Sources */,
				55F1054020054ECF008EF83B /* Web3Swift.swift in Sources */,
				A82FC6421FF1211600499645 /* WalletCustomElements.swift in Sources */,
				55F1053520054ECF008EF83B /* EtherServiceRequest.swift in Sources */,
				A80A46731FD8280000F70DC6 /* AppDelegate.swift in Sources */,
			);
			runOnlyForDeploymentPostprocessing = 0;
		};
/* End PBXSourcesBuildPhase section */

/* Begin PBXVariantGroup section */
		A80A467E1FD8280000F70DC6 /* LaunchScreen.storyboard */ = {
			isa = PBXVariantGroup;
			children = (
				A80A467F1FD8280000F70DC6 /* Base */,
			);
			name = LaunchScreen.storyboard;
			sourceTree = "<group>";
		};
/* End PBXVariantGroup section */

/* Begin XCBuildConfiguration section */
		A80A46821FD8280000F70DC6 /* Debug */ = {
			isa = XCBuildConfiguration;
			buildSettings = {
				ALWAYS_SEARCH_USER_PATHS = NO;
				CLANG_ANALYZER_NONNULL = YES;
				CLANG_ANALYZER_NUMBER_OBJECT_CONVERSION = YES_AGGRESSIVE;
				CLANG_CXX_LANGUAGE_STANDARD = "gnu++14";
				CLANG_CXX_LIBRARY = "libc++";
				CLANG_ENABLE_MODULES = YES;
				CLANG_ENABLE_OBJC_ARC = YES;
				CLANG_WARN_BLOCK_CAPTURE_AUTORELEASING = YES;
				CLANG_WARN_BOOL_CONVERSION = YES;
				CLANG_WARN_COMMA = YES;
				CLANG_WARN_CONSTANT_CONVERSION = YES;
				CLANG_WARN_DIRECT_OBJC_ISA_USAGE = YES_ERROR;
				CLANG_WARN_DOCUMENTATION_COMMENTS = YES;
				CLANG_WARN_EMPTY_BODY = YES;
				CLANG_WARN_ENUM_CONVERSION = YES;
				CLANG_WARN_INFINITE_RECURSION = YES;
				CLANG_WARN_INT_CONVERSION = YES;
				CLANG_WARN_NON_LITERAL_NULL_CONVERSION = YES;
				CLANG_WARN_OBJC_LITERAL_CONVERSION = YES;
				CLANG_WARN_OBJC_ROOT_CLASS = YES_ERROR;
				CLANG_WARN_RANGE_LOOP_ANALYSIS = YES;
				CLANG_WARN_STRICT_PROTOTYPES = YES;
				CLANG_WARN_SUSPICIOUS_MOVE = YES;
				CLANG_WARN_UNGUARDED_AVAILABILITY = YES_AGGRESSIVE;
				CLANG_WARN_UNREACHABLE_CODE = YES;
				CLANG_WARN__DUPLICATE_METHOD_MATCH = YES;
				CODE_SIGN_IDENTITY = "iPhone Developer";
				COPY_PHASE_STRIP = NO;
				DEBUG_INFORMATION_FORMAT = dwarf;
				ENABLE_STRICT_OBJC_MSGSEND = YES;
				ENABLE_TESTABILITY = YES;
				GCC_C_LANGUAGE_STANDARD = gnu11;
				GCC_DYNAMIC_NO_PIC = NO;
				GCC_NO_COMMON_BLOCKS = YES;
				GCC_OPTIMIZATION_LEVEL = 0;
				GCC_PREPROCESSOR_DEFINITIONS = (
					"DEBUG=1",
					"$(inherited)",
				);
				GCC_WARN_64_TO_32_BIT_CONVERSION = YES;
				GCC_WARN_ABOUT_RETURN_TYPE = YES_ERROR;
				GCC_WARN_UNDECLARED_SELECTOR = YES;
				GCC_WARN_UNINITIALIZED_AUTOS = YES_AGGRESSIVE;
				GCC_WARN_UNUSED_FUNCTION = YES;
				GCC_WARN_UNUSED_VARIABLE = YES;
				IPHONEOS_DEPLOYMENT_TARGET = 11.1;
				MTL_ENABLE_DEBUG_INFO = YES;
				ONLY_ACTIVE_ARCH = YES;
				SDKROOT = iphoneos;
				SWIFT_ACTIVE_COMPILATION_CONDITIONS = DEBUG;
				SWIFT_OPTIMIZATION_LEVEL = "-Onone";
			};
			name = Debug;
		};
		A80A46831FD8280000F70DC6 /* Release */ = {
			isa = XCBuildConfiguration;
			buildSettings = {
				ALWAYS_SEARCH_USER_PATHS = NO;
				CLANG_ANALYZER_NONNULL = YES;
				CLANG_ANALYZER_NUMBER_OBJECT_CONVERSION = YES_AGGRESSIVE;
				CLANG_CXX_LANGUAGE_STANDARD = "gnu++14";
				CLANG_CXX_LIBRARY = "libc++";
				CLANG_ENABLE_MODULES = YES;
				CLANG_ENABLE_OBJC_ARC = YES;
				CLANG_WARN_BLOCK_CAPTURE_AUTORELEASING = YES;
				CLANG_WARN_BOOL_CONVERSION = YES;
				CLANG_WARN_COMMA = YES;
				CLANG_WARN_CONSTANT_CONVERSION = YES;
				CLANG_WARN_DIRECT_OBJC_ISA_USAGE = YES_ERROR;
				CLANG_WARN_DOCUMENTATION_COMMENTS = YES;
				CLANG_WARN_EMPTY_BODY = YES;
				CLANG_WARN_ENUM_CONVERSION = YES;
				CLANG_WARN_INFINITE_RECURSION = YES;
				CLANG_WARN_INT_CONVERSION = YES;
				CLANG_WARN_NON_LITERAL_NULL_CONVERSION = YES;
				CLANG_WARN_OBJC_LITERAL_CONVERSION = YES;
				CLANG_WARN_OBJC_ROOT_CLASS = YES_ERROR;
				CLANG_WARN_RANGE_LOOP_ANALYSIS = YES;
				CLANG_WARN_STRICT_PROTOTYPES = YES;
				CLANG_WARN_SUSPICIOUS_MOVE = YES;
				CLANG_WARN_UNGUARDED_AVAILABILITY = YES_AGGRESSIVE;
				CLANG_WARN_UNREACHABLE_CODE = YES;
				CLANG_WARN__DUPLICATE_METHOD_MATCH = YES;
				CODE_SIGN_IDENTITY = "iPhone Developer";
				COPY_PHASE_STRIP = NO;
				DEBUG_INFORMATION_FORMAT = "dwarf-with-dsym";
				ENABLE_NS_ASSERTIONS = NO;
				ENABLE_STRICT_OBJC_MSGSEND = YES;
				GCC_C_LANGUAGE_STANDARD = gnu11;
				GCC_NO_COMMON_BLOCKS = YES;
				GCC_WARN_64_TO_32_BIT_CONVERSION = YES;
				GCC_WARN_ABOUT_RETURN_TYPE = YES_ERROR;
				GCC_WARN_UNDECLARED_SELECTOR = YES;
				GCC_WARN_UNINITIALIZED_AUTOS = YES_AGGRESSIVE;
				GCC_WARN_UNUSED_FUNCTION = YES;
				GCC_WARN_UNUSED_VARIABLE = YES;
				IPHONEOS_DEPLOYMENT_TARGET = 11.1;
				MTL_ENABLE_DEBUG_INFO = NO;
				SDKROOT = iphoneos;
				SWIFT_OPTIMIZATION_LEVEL = "-Owholemodule";
				VALIDATE_PRODUCT = YES;
			};
			name = Release;
		};
		A80A46851FD8280000F70DC6 /* Debug */ = {
			isa = XCBuildConfiguration;
			baseConfigurationReference = B897C86793645DFB1AF42156 /* Pods-YourCoin.debug.xcconfig */;
			buildSettings = {
				ASSETCATALOG_COMPILER_APPICON_NAME = AppIcon;
				CODE_SIGN_STYLE = Automatic;
				DEVELOPMENT_TEAM = 527XT9Q8DK;
				INFOPLIST_FILE = YourCoin/Info.plist;
				LD_RUNPATH_SEARCH_PATHS = "$(inherited) @executable_path/Frameworks";
				PRODUCT_BUNDLE_IDENTIFIER = "Bubble-team.YourCoin";
				PRODUCT_NAME = "$(TARGET_NAME)";
				SWIFT_VERSION = 4.0;
				TARGETED_DEVICE_FAMILY = "1,2";
			};
			name = Debug;
		};
		A80A46861FD8280000F70DC6 /* Release */ = {
			isa = XCBuildConfiguration;
			baseConfigurationReference = C816055B54D11345200417DC /* Pods-YourCoin.release.xcconfig */;
			buildSettings = {
				ASSETCATALOG_COMPILER_APPICON_NAME = AppIcon;
				CODE_SIGN_STYLE = Automatic;
				DEVELOPMENT_TEAM = 527XT9Q8DK;
				INFOPLIST_FILE = YourCoin/Info.plist;
				LD_RUNPATH_SEARCH_PATHS = "$(inherited) @executable_path/Frameworks";
				PRODUCT_BUNDLE_IDENTIFIER = "Bubble-team.YourCoin";
				PRODUCT_NAME = "$(TARGET_NAME)";
				SWIFT_VERSION = 4.0;
				TARGETED_DEVICE_FAMILY = "1,2";
			};
			name = Release;
		};
/* End XCBuildConfiguration section */

/* Begin XCConfigurationList section */
		A80A466A1FD8280000F70DC6 /* Build configuration list for PBXProject "YourCoin" */ = {
			isa = XCConfigurationList;
			buildConfigurations = (
				A80A46821FD8280000F70DC6 /* Debug */,
				A80A46831FD8280000F70DC6 /* Release */,
			);
			defaultConfigurationIsVisible = 0;
			defaultConfigurationName = Release;
		};
		A80A46841FD8280000F70DC6 /* Build configuration list for PBXNativeTarget "YourCoin" */ = {
			isa = XCConfigurationList;
			buildConfigurations = (
				A80A46851FD8280000F70DC6 /* Debug */,
				A80A46861FD8280000F70DC6 /* Release */,
			);
			defaultConfigurationIsVisible = 0;
			defaultConfigurationName = Release;
		};
/* End XCConfigurationList section */

/* Begin XCVersionGroup section */
		A80A46791FD8280000F70DC6 /* YourCoin.xcdatamodeld */ = {
			isa = XCVersionGroup;
			children = (
				A80A467A1FD8280000F70DC6 /* YourCoin.xcdatamodel */,
			);
			currentVersion = A80A467A1FD8280000F70DC6 /* YourCoin.xcdatamodel */;
			path = YourCoin.xcdatamodeld;
			sourceTree = "<group>";
			versionGroupType = wrapper.xcdatamodel;
		};
/* End XCVersionGroup section */
	};
	rootObject = A80A46671FD8280000F70DC6 /* Project object */;
}
